
Microsoft Visual Studio Solution File, Format Version 12.00
# Visual Studio Version 17
VisualStudioVersion = 17.10.35122.118
MinimumVisualStudioVersion = 10.0.40219.1
Project("{8BC9CEB8-8B4A-11D0-8D11-00A0C91BC942}") = "opengl-graphics-engine", "opengl-graphics-engine.vcxproj", "{A172A208-1FA1-4BDC-8ED1-5C736F865654}"
EndProject
Global
	GlobalSection(SolutionConfigurationPlatforms) = preSolution
		Debug|x64 = Debug|x64
		Debug|x86 = Debug|x86
		Release|x64 = Release|x64
		Release|x86 = Release|x86
	EndGlobalSection
	GlobalSection(ProjectConfigurationPlatforms) = postSolution
		{A172A208-1FA1-4BDC-8ED1-5C736F865654}.Debug|x64.ActiveCfg = Debug|x64
		{A172A208-1FA1-4BDC-8ED1-5C736F865654}.Debug|x64.Build.0 = Debug|x64
		{A172A208-1FA1-4BDC-8ED1-5C736F865654}.Debug|x86.ActiveCfg = Debug|Win32
		{A172A208-1FA1-4BDC-8ED1-5C736F865654}.Debug|x86.Build.0 = Debug|Win32
		{A172A208-1FA1-4BDC-8ED1-5C736F865654}.Release|x64.ActiveCfg = Release|x64
		{A172A208-1FA1-4BDC-8ED1-5C736F865654}.Release|x64.Build.0 = Release|x64
		{A172A208-1FA1-4BDC-8ED1-5C736F865654}.Release|x86.ActiveCfg = Release|Win32
		{A172A208-1FA1-4BDC-8ED1-5C736F865654}.Release|x86.Build.0 = Release|Win32
	EndGlobalSection
	GlobalSection(SolutionProperties) = preSolution
		HideSolutionNode = FALSE
	EndGlobalSection
	GlobalSection(ExtensibilityGlobals) = postSolution
		SolutionGuid = {492CA40C-ED1E-4D58-A16D-666FF18766CF}
	EndGlobalSection
EndGlobal
